
Microsoft Visual Studio Solution File, Format Version 12.00
# Visual Studio Version 17
VisualStudioVersion = 17.0.31903.59
MinimumVisualStudioVersion = 10.0.40219.1
Project("{2150E333-8FDC-42A3-9474-1A3956D46DE8}") = "src", "src", "{E1C84278-8016-4E45-B524-21ADFE7694F0}"
EndProject
Project("{FAE04EC0-301F-11D3-BF4B-00C04F79EFBC}") = "Microservice.Local.Development.Secrets", "src\Microservice.Local.Development.Secrets\Microservice.Local.Development.Secrets.csproj", "{30CE2D9F-13EA-4AAA-A846-8BC3F91385BC}"
EndProject
Project("{FAE04EC0-301F-11D3-BF4B-00C04F79EFBC}") = "Microservice.KeyVault.Secrets.Config.FIle", "src\Microservice.KeyVault.Secrets.Config.FIle\Microservice.KeyVault.Secrets.Config.FIle.csproj", "{58BB03E1-05B6-47C4-A771-58D36B92F50A}"
EndProject
Project("{FAE04EC0-301F-11D3-BF4B-00C04F79EFBC}") = "Microservice.KeyVault.Secrets", "src\Microservice.KeyVault.Secrets\Microservice.KeyVault.Secrets.csproj", "{4AF069F9-EDE7-483E-9DA5-B24BA7C4E4F7}"
EndProject
Project("{2150E333-8FDC-42A3-9474-1A3956D46DE8}") = "test", "test", "{A40E6691-3BBF-4FB9-8EB6-6EA9A620B9FF}"
EndProject
Project("{FAE04EC0-301F-11D3-BF4B-00C04F79EFBC}") = "Microservice.KeyVault.Secrets.Test", "test\Microservice.KeyVault.Secrets.Test\Microservice.KeyVault.Secrets.Test.csproj", "{DE321287-5038-46A7-A299-C961E1BB0FA8}"
EndProject
Global
	GlobalSection(SolutionConfigurationPlatforms) = preSolution
		Debug|Any CPU = Debug|Any CPU
		Release|Any CPU = Release|Any CPU
	EndGlobalSection
	GlobalSection(ProjectConfigurationPlatforms) = postSolution
		{30CE2D9F-13EA-4AAA-A846-8BC3F91385BC}.Debug|Any CPU.ActiveCfg = Debug|Any CPU
		{30CE2D9F-13EA-4AAA-A846-8BC3F91385BC}.Debug|Any CPU.Build.0 = Debug|Any CPU
		{30CE2D9F-13EA-4AAA-A846-8BC3F91385BC}.Release|Any CPU.ActiveCfg = Release|Any CPU
		{30CE2D9F-13EA-4AAA-A846-8BC3F91385BC}.Release|Any CPU.Build.0 = Release|Any CPU
		{58BB03E1-05B6-47C4-A771-58D36B92F50A}.Debug|Any CPU.ActiveCfg = Debug|Any CPU
		{58BB03E1-05B6-47C4-A771-58D36B92F50A}.Debug|Any CPU.Build.0 = Debug|Any CPU
		{58BB03E1-05B6-47C4-A771-58D36B92F50A}.Release|Any CPU.ActiveCfg = Release|Any CPU
		{58BB03E1-05B6-47C4-A771-58D36B92F50A}.Release|Any CPU.Build.0 = Release|Any CPU
		{4AF069F9-EDE7-483E-9DA5-B24BA7C4E4F7}.Debug|Any CPU.ActiveCfg = Debug|Any CPU
		{4AF069F9-EDE7-483E-9DA5-B24BA7C4E4F7}.Debug|Any CPU.Build.0 = Debug|Any CPU
		{4AF069F9-EDE7-483E-9DA5-B24BA7C4E4F7}.Release|Any CPU.ActiveCfg = Release|Any CPU
		{4AF069F9-EDE7-483E-9DA5-B24BA7C4E4F7}.Release|Any CPU.Build.0 = Release|Any CPU
		{DE321287-5038-46A7-A299-C961E1BB0FA8}.Debug|Any CPU.ActiveCfg = Debug|Any CPU
		{DE321287-5038-46A7-A299-C961E1BB0FA8}.Debug|Any CPU.Build.0 = Debug|Any CPU
		{DE321287-5038-46A7-A299-C961E1BB0FA8}.Release|Any CPU.ActiveCfg = Release|Any CPU
		{DE321287-5038-46A7-A299-C961E1BB0FA8}.Release|Any CPU.Build.0 = Release|Any CPU
	EndGlobalSection
	GlobalSection(SolutionProperties) = preSolution
		HideSolutionNode = FALSE
	EndGlobalSection
	GlobalSection(NestedProjects) = preSolution
		{30CE2D9F-13EA-4AAA-A846-8BC3F91385BC} = {E1C84278-8016-4E45-B524-21ADFE7694F0}
		{58BB03E1-05B6-47C4-A771-58D36B92F50A} = {E1C84278-8016-4E45-B524-21ADFE7694F0}
		{4AF069F9-EDE7-483E-9DA5-B24BA7C4E4F7} = {E1C84278-8016-4E45-B524-21ADFE7694F0}
		{DE321287-5038-46A7-A299-C961E1BB0FA8} = {A40E6691-3BBF-4FB9-8EB6-6EA9A620B9FF}
	EndGlobalSection
EndGlobal
